
Microsoft Visual Studio Solution File, Format Version 12.00
# Visual Studio 15
VisualStudioVersion = 15.0.28307.539
MinimumVisualStudioVersion = 10.0.40219.1
Project("{8BC9CEB8-8B4A-11D0-8D11-00A0C91BC942}") = "cpp_client", "cpp_client\cpp_client.vcxproj", "{F45B2240-E8ED-4FF7-9789-7470952237A5}"
EndProject
Global
	GlobalSection(SolutionConfigurationPlatforms) = preSolution
		Debug|x64 = Debug|x64
		Debug|x86 = Debug|x86
		Release|x64 = Release|x64
		Release|x86 = Release|x86
	EndGlobalSection
	GlobalSection(ProjectConfigurationPlatforms) = postSolution
		{F45B2240-E8ED-4FF7-9789-7470952237A5}.Debug|x64.ActiveCfg = Debug|x64
		{F45B2240-E8ED-4FF7-9789-7470952237A5}.Debug|x64.Build.0 = Debug|x64
		{F45B2240-E8ED-4FF7-9789-7470952237A5}.Debug|x86.ActiveCfg = Debug|Win32
		{F45B2240-E8ED-4FF7-9789-7470952237A5}.Debug|x86.Build.0 = Debug|Win32
		{F45B2240-E8ED-4FF7-9789-7470952237A5}.Release|x64.ActiveCfg = Release|x64
		{F45B2240-E8ED-4FF7-9789-7470952237A5}.Release|x64.Build.0 = Release|x64
		{F45B2240-E8ED-4FF7-9789-7470952237A5}.Release|x86.ActiveCfg = Release|Win32
		{F45B2240-E8ED-4FF7-9789-7470952237A5}.Release|x86.Build.0 = Release|Win32
	EndGlobalSection
	GlobalSection(SolutionProperties) = preSolution
		HideSolutionNode = FALSE
	EndGlobalSection
	GlobalSection(ExtensibilityGlobals) = postSolution
		SolutionGuid = {C0211DE4-5793-4296-8A22-298BE6FE7882}
	EndGlobalSection
EndGlobal
